
Microsoft Visual Studio Solution File, Format Version 12.00
# Visual Studio Version 17
VisualStudioVersion = 17.13.35806.99 d17.13
MinimumVisualStudioVersion = 10.0.40219.1
Project("{FAE04EC0-301F-11D3-BF4B-00C04F79EFBC}") = "ProcessConsoleApp", "ProcessConsoleApp.csproj", "{8D87C25B-45B9-47A0-9E26-7C54F7F45FE7}"
EndProject
Global
	GlobalSection(SolutionConfigurationPlatforms) = preSolution
		Debug|Any CPU = Debug|Any CPU
		Release|Any CPU = Release|Any CPU
	EndGlobalSection
	GlobalSection(ProjectConfigurationPlatforms) = postSolution
		{8D87C25B-45B9-47A0-9E26-7C54F7F45FE7}.Debug|Any CPU.ActiveCfg = Debug|Any CPU
		{8D87C25B-45B9-47A0-9E26-7C54F7F45FE7}.Debug|Any CPU.Build.0 = Debug|Any CPU
		{8D87C25B-45B9-47A0-9E26-7C54F7F45FE7}.Release|Any CPU.ActiveCfg = Release|Any CPU
		{8D87C25B-45B9-47A0-9E26-7C54F7F45FE7}.Release|Any CPU.Build.0 = Release|Any CPU
	EndGlobalSection
	GlobalSection(SolutionProperties) = preSolution
		HideSolutionNode = FALSE
	EndGlobalSection
	GlobalSection(ExtensibilityGlobals) = postSolution
		SolutionGuid = {7CB5A5B9-ABC7-489D-A55C-C49659C92D1C}
	EndGlobalSection
EndGlobal
